
Microsoft Visual Studio Solution File, Format Version 12.00
# Visual Studio Version 16
VisualStudioVersion = 16.0.29306.81
MinimumVisualStudioVersion = 10.0.40219.1
Project("{8BC9CEB8-8B4A-11D0-8D11-00A0C91BC942}") = "CA1_Corrections", "CA1_Corrections\CA1_Corrections.vcxproj", "{B8211D84-518E-47DD-9A56-6FCD4277A302}"
EndProject
Global
	GlobalSection(SolutionConfigurationPlatforms) = preSolution
		Debug|x64 = Debug|x64
		Debug|x86 = Debug|x86
		Release|x64 = Release|x64
		Release|x86 = Release|x86
	EndGlobalSection
	GlobalSection(ProjectConfigurationPlatforms) = postSolution
		{B8211D84-518E-47DD-9A56-6FCD4277A302}.Debug|x64.ActiveCfg = Debug|x64
		{B8211D84-518E-47DD-9A56-6FCD4277A302}.Debug|x64.Build.0 = Debug|x64
		{B8211D84-518E-47DD-9A56-6FCD4277A302}.Debug|x86.ActiveCfg = Debug|Win32
		{B8211D84-518E-47DD-9A56-6FCD4277A302}.Debug|x86.Build.0 = Debug|Win32
		{B8211D84-518E-47DD-9A56-6FCD4277A302}.Release|x64.ActiveCfg = Release|x64
		{B8211D84-518E-47DD-9A56-6FCD4277A302}.Release|x64.Build.0 = Release|x64
		{B8211D84-518E-47DD-9A56-6FCD4277A302}.Release|x86.ActiveCfg = Release|Win32
		{B8211D84-518E-47DD-9A56-6FCD4277A302}.Release|x86.Build.0 = Release|Win32
	EndGlobalSection
	GlobalSection(SolutionProperties) = preSolution
		HideSolutionNode = FALSE
	EndGlobalSection
	GlobalSection(ExtensibilityGlobals) = postSolution
		SolutionGuid = {F49FE57C-5956-47EE-8A92-31F55E8E8B97}
	EndGlobalSection
EndGlobal
