
Microsoft Visual Studio Solution File, Format Version 12.00
# Visual Studio Version 16
VisualStudioVersion = 16.0.29230.47
MinimumVisualStudioVersion = 10.0.40219.1
Project("{8BC9CEB8-8B4A-11D0-8D11-00A0C91BC942}") = "LabSheet3PartATask2", "LabSheet3PartATask2\LabSheet3PartATask2.vcxproj", "{7E84532F-D594-4DCB-A42B-1E99A448BEC7}"
EndProject
Global
	GlobalSection(SolutionConfigurationPlatforms) = preSolution
		Debug|x64 = Debug|x64
		Debug|x86 = Debug|x86
		Release|x64 = Release|x64
		Release|x86 = Release|x86
	EndGlobalSection
	GlobalSection(ProjectConfigurationPlatforms) = postSolution
		{7E84532F-D594-4DCB-A42B-1E99A448BEC7}.Debug|x64.ActiveCfg = Debug|x64
		{7E84532F-D594-4DCB-A42B-1E99A448BEC7}.Debug|x64.Build.0 = Debug|x64
		{7E84532F-D594-4DCB-A42B-1E99A448BEC7}.Debug|x86.ActiveCfg = Debug|Win32
		{7E84532F-D594-4DCB-A42B-1E99A448BEC7}.Debug|x86.Build.0 = Debug|Win32
		{7E84532F-D594-4DCB-A42B-1E99A448BEC7}.Release|x64.ActiveCfg = Release|x64
		{7E84532F-D594-4DCB-A42B-1E99A448BEC7}.Release|x64.Build.0 = Release|x64
		{7E84532F-D594-4DCB-A42B-1E99A448BEC7}.Release|x86.ActiveCfg = Release|Win32
		{7E84532F-D594-4DCB-A42B-1E99A448BEC7}.Release|x86.Build.0 = Release|Win32
	EndGlobalSection
	GlobalSection(SolutionProperties) = preSolution
		HideSolutionNode = FALSE
	EndGlobalSection
	GlobalSection(ExtensibilityGlobals) = postSolution
		SolutionGuid = {48C3919F-9477-4E2B-A00A-B5907D1200A6}
	EndGlobalSection
EndGlobal
